# Same reviewed inventory used by the signed reconstruction manifest.
docker.gitea.com/gitea@sha256:4c4256497e2e237ddebdd30986c7ce52cb6f936b3e90c34bb9f4665714599f62
docker.io/envoyproxy/envoy@sha256:c5e8a68e52f4d4697a9adb280dbe415d77fedf1257e183dcb86205bd438f18bd
docker.io/grafana/grafana@sha256:26b8f35a9e4e4431995cf64c3f396505a4faf17bcfc19f9ed84943ec6bfd5ecd
docker.io/library/busybox@sha256:9532d8c39891ca2ecde4d30d7710e01fb739c87a8b9299685c63704296b16028
docker.io/library/nats@sha256:2ca98656a279b2d88cfdf2b8c3f0d5d7f3941ae9dc2ab12ebaa92d83e0f4ccdb
docker.io/library/postgres@sha256:54451ecb8ab38c24c3ec123f2fd501303a3a1856a5c66e98cecf2460d5e1e9d7
docker.io/library/postgres@sha256:9a8afca54e7861fd90fab5fdf4c42477a6b1cb7d293595148e674e0a3181de15
docker.io/moby/buildkit@sha256:946cf909534b789c9b84af75e6d4f8cb23c3b9cb387daec5ba0f4878a3e4647c
docker.io/natsio/prometheus-nats-exporter@sha256:26c826662ac8424597cc9bdf89ea5b606eb66e3c11db9b1215c27d2076bbb01b
docker.io/otel/opentelemetry-collector-contrib@sha256:0fba96233274f6d665ac8831ad99dfe6479a9a20459f6e2719c0d20945773b46
docker.io/rancher/local-path-provisioner@sha256:1eba82e9c386038b4af6d69cca7519fac738c28c42735ed48ce70c882ad0d80f
docker.io/rustfs/rustfs@sha256:fa19210ac4697c79d7ccca1ec9b0eb91aebacc6691991ffb14014bb3c67e6cc3
docker.io/victoriametrics/victoria-logs@sha256:1ec31ddccc39dc9ead2607cddbf2829be1eb5ad39890e72bba26b359be20801d
docker.io/victoriametrics/victoria-metrics@sha256:40ea45a6d14b6ad9f2f1fff597309d456ff9885d77d8d1da5fd559b251db9987
docker.io/victoriametrics/victoria-traces@sha256:de1f0ce3916692236a711b58e48c65cc4138bfaa4e36324cfa25206e5485b187
gcr.io/knative-releases/aws-ddb-streams-source@sha256:8b6e98cfbe00590faa68eed5855307fe9706b8719ec57c2a7610248fc348954a
gcr.io/knative-releases/aws-eventbridge-sink@sha256:763954ae8946af146307a3a7152ec27d599ee5475edfa5338eb25826ee083582
gcr.io/knative-releases/aws-s3-sink@sha256:5322e981d4e0001d4b74bb122846b08ac3c38d4ff18363294b0c5066854c48f9
gcr.io/knative-releases/aws-s3-source@sha256:2a1b1860d481f1f2ab1aee03bdfa7e4cbd5d25dddfc490f0e7627013e6cac470
gcr.io/knative-releases/aws-sns-sink@sha256:6fb6ad9359172e1a2461851e5f45daf3c96fec0ea2b4bc5097d68701a04b777f
gcr.io/knative-releases/aws-sqs-sink@sha256:3c6e15a8e2c735eb6647ba3141e541c352873383d6992072925e3d01d68031a0
gcr.io/knative-releases/aws-sqs-source@sha256:37b11f47f8ec66dc697901028e4b24531e34f7400037e046cebc8369a5cbf882
gcr.io/knative-releases/jsonata-transformer@sha256:7469e73837dee196cba275ed69e7eff5366676379be180ed7de52b1917d4ec07
gcr.io/knative-releases/knative.dev/eventing/cmd/apiserver_receive_adapter@sha256:15a33e67e795c2547e0734d3397d95afa2a4266a0d76fdd896444f27e4182997
gcr.io/knative-releases/knative.dev/eventing/cmd/auth_proxy@sha256:1eb7574f2c9b511be22e619b64bf5dab96e055faf69635a8fa042527979b9835
gcr.io/knative-releases/knative.dev/eventing/cmd/broker/filter@sha256:9080a69414303816e82886ea2b280a01f5c0fd1e0cadad06283450bc2b39d78b
gcr.io/knative-releases/knative.dev/eventing/cmd/broker/ingress@sha256:8b14a777da20f25d477c367ffdd26dec31fdb3d14bd50c99134ef527c540fbe1
gcr.io/knative-releases/knative.dev/eventing/cmd/controller@sha256:866896c0d955ec7774e6c85e6349e034470ccb3317d34f08b3273c950c59eb39
gcr.io/knative-releases/knative.dev/eventing/cmd/in_memory/channel_controller@sha256:0855eba113da71ebd433ca5e7c583ba2601c4d55e0c52ca0d6ab19edfbed1513
gcr.io/knative-releases/knative.dev/eventing/cmd/in_memory/channel_dispatcher@sha256:aa39224456b80b2734729450a9eb6076b13e008060a522436e2475b1ca9b058e
gcr.io/knative-releases/knative.dev/eventing/cmd/jobsink@sha256:bd23e8d8cef444bba1873efc629fed5785257fa3a3ceb0621a2ec8ac5a19a3cc
gcr.io/knative-releases/knative.dev/eventing/cmd/mtchannel_broker@sha256:9ea2a9c99843614f544738c01b6d4e2e0fa5b06722aa50380f18b8af80918f59
gcr.io/knative-releases/knative.dev/eventing/cmd/mtping@sha256:963722f316ec570fcaf116363c2e0f6fc1bd3fbbed8e25ae1eefee9b930bb091
gcr.io/knative-releases/knative.dev/eventing/cmd/requestreply@sha256:f4d194097b43865e396f54b4fd94f779a2ed96c9691a3a8de4740722e5535804
gcr.io/knative-releases/knative.dev/eventing/cmd/webhook@sha256:b116f58ff8b3b8d2c03d96ebefa32f7d66715d07e31528c3cbdf0bbc9626e85e
gcr.io/knative-releases/knative.dev/net-kourier/cmd/kourier@sha256:01abd2070ccf8680885c47990e42c05c09e30bc8595d9246f4dcd37f2220a2a2
gcr.io/knative-releases/knative.dev/serving/cmd/activator@sha256:5deaef961fef8d1417f6d4a4dfae2fc338f2d30d72c4ad58c3ab392b2c04705b
gcr.io/knative-releases/knative.dev/serving/cmd/autoscaler@sha256:5bae38655d87df86b041083fbe51791816473245f752432ba9b85a7b12f73cd5
gcr.io/knative-releases/knative.dev/serving/cmd/controller@sha256:94329d85200c2fc31ed1166a26568ca1357376c149c147e71f400cf28be3c816
gcr.io/knative-releases/knative.dev/serving/cmd/queue@sha256:b1af8bda6c1d32b1cf5fbf8f1f6068c5007a5cebf091039fdea83b88b1fd87f4
gcr.io/knative-releases/knative.dev/serving/cmd/webhook@sha256:8470456be214e93a84e3c7b79a632aa9978bd8ecda553feaa47878a2c24ab84d
gcr.io/knative-releases/log-sink@sha256:b88feae0b7b2aed522b3ef9213e5688263c1db3c7cca495578669e0a2b933ad1
gcr.io/knative-releases/timer-source@sha256:04c01cfd475073732cc84b4c2ea429aead0154197e57fa343ede9557b1b49aee
gcr.io/knative-releases/transform-jsonata@sha256:5cf8c8203be3ac0f8df403f714c27afc84a8cf02a3b9bf7b2f66d7717252a380
ghcr.io/cloudnative-pg/cloudnative-pg@sha256:c83a866a7f2c8b2def04bf7a8e6a7f0e9a5c2736a1c710e24e29edf12e03fcd9
ghcr.io/cloudnative-pg/postgresql@sha256:9287ce030c6f3ce822e383b019ae4aaf1e8370bff3b39f9c51dc10d69dc97219
ghcr.io/cnoe-io/backstage-app@sha256:960dcd8b68ba8fed3685727c63b5221e5f95392694d887a12e14d792834636de
ghcr.io/crossplane-contrib/function-patch-and-transform@sha256:1c2f7ae4cab30f92177f5cea82732cbb86e015c1b8b3997ba4d4f000605feb57
ghcr.io/dexidp/dex@sha256:b8469881d3cb3a73001506f0d3aaefecb9c45d2311c1e0f405d8ac538316c59d
ghcr.io/kagent-dev/kagent/app@sha256:e2d28b8f4dfc49364590b7de48effeda2627dec9cb89d170ac10839f0cfe712d
ghcr.io/kagent-dev/kagent/controller@sha256:2f6a4da1650883c9a7961d24bb881f443627b86e2c1d4de0d28f812a44d57ca2
ghcr.io/kagent-dev/kagent/skills-init@sha256:4999d4d0a250cf1abbae5df4060581f10e76086d94f3b4816fa10da7f18d3011
ghcr.io/kagent-dev/kagent/tools@sha256:50b431281d3e32666f27a292962fd486aabaac157083a844d037c12137e353aa
ghcr.io/kagent-dev/kagent/ui@sha256:e659d3c89f9025c87732d892fbc3c7d2c8967af71d84ff47d85fa08efe3ee70a
ghcr.io/knative/helloworld-go@sha256:c2b7412fbea6f1ef24a0cac60698e88df7ae3c4278e42d0cb34fe7d4b2641bba
ghcr.io/project-zot/zot@sha256:6f7bf2b8e43437c7c3a121bc80214845c85f27321e66f2ff4be6bf4220775fd7
ghcr.io/randax/cloudbox-portal@sha256:f460aaf70c4c69c28ca0bd1c958f2fd77ceefb0a6acd7362615545ba7a232e73
ghcr.io/randax/cloudbox-resizer@sha256:08ccc66e6e3aa4070104bef93cf7904a64376539ac1ecdaa8a5c4e888a2ed58c
ghcr.io/randax/cloudbox-uploader@sha256:7f92e34249ccf95a1c9880ad205149459712aa4d4160548cd9e3c5c083eebc1d
ghcr.io/siderolabs/kubelet@sha256:e594fcc880e6d2816b3334e4ddfd586b420ca8c3a4dd2b40e9de1571e69e559a
ghcr.io/siderolabs/talos@sha256:f2e2b7e5812b2b59c1acfe6af7516231aeeef79fb1ffff6b57ad987f8dd47a6e
public.ecr.aws/aws-cli/aws-cli@sha256:bad3346a39098ab077be6ed58c7e1fe68321a4a844c7c740318100013e6c3581
public.ecr.aws/docker/library/golang@sha256:56961d79ea8129efddcc0b8643fd8a5416b4e6228cfd477e3fd61deb2672c587
public.ecr.aws/docker/library/redis@sha256:08ad0b1d280850169a790dba1393ff7a90aef951fc19632cf4d3ce4f78e679ba
quay.io/argoproj/argocd@sha256:224e454cfd8c1818fec3ed17b72b2034c9a3915fa819e1dcccafc753776d446a
quay.io/argoproj/argocli@sha256:8c141b1acd26df3de70724aedaae0ee5a7d361cdf744a1daa6a1596f205cee50
quay.io/argoproj/argoexec@sha256:eb2a7ca4d678a0c8c4f2de44f815f02d9eb12ac4609855f897744139aef220b4
quay.io/argoproj/workflow-controller@sha256:8e3ca93350c18348e50cdb1899f37d672f9995d9bf51412d86dee52da22fff19
quay.io/cilium/cilium-envoy@sha256:326f872e19ce8aa45170efbf583b3f301586ba3feead14b864676d4baf3b45ed
quay.io/cilium/cilium@sha256:20fbbc14ac20b55a292c0dcda5571bf31cde30a7dbc68c29db3e709390ab0732
quay.io/cilium/operator-generic@sha256:be848a365776e07d0c5a895eda7aec928ddc52a5a1fa2f432fd7a286609e1db4
registry.k8s.io/coredns/coredns@sha256:e7e6440cfd1e919280958f5b5a6ab2b184d385bba774c12ad2a9e1e4183f90d9
registry.k8s.io/etcd@sha256:3c2ced08f23b1183e8bd4613064c3fb6b8db5057a4d1f13c3518c76e357a07a8
registry.k8s.io/kube-apiserver@sha256:0535dde1a857029209d7effe681c919a1580d2eb24eda4bd122d24e9a372e1b8
registry.k8s.io/kube-controller-manager@sha256:b3add29a00c3c4763c75a09ec94915e3d0d590b93b3850a97d52970fbd2b2c12
registry.k8s.io/kube-scheduler@sha256:94dfc9f285718a06bb873947959b8514ed95dddaa7c74d765cc346fdfa684859
registry.k8s.io/networking/kube-network-policies@sha256:1e3e79625828c8fdc9a579e3e587abaaadbb0eed317abc6912badb1b92f76135
registry.k8s.io/pause@sha256:278fb9dbcca9518083ad1e11276933a2e96f23de604a3a08cc3c80002767d24c
xpkg.crossplane.io/crossplane/crossplane@sha256:f1c88a98f113a5cb78d75c7e94e2a7fefdf86ffb3353c63f01697dc5ad855b19
