# @generated - this file is auto-generated by `mise lock` https://mise.jdx.dev/dev-tools/mise-lock.html

[[tools."aqua:cilium/cilium-cli"]]
version = "0.19.5"
backend = "aqua:cilium/cilium-cli"

[tools."aqua:cilium/cilium-cli"."platforms.linux-x64"]
checksum = "sha256:67e59489b7ad17dea8eb8cc930435105dff3a4575643ad62567fb2c5ae80d246"
url = "https://github.com/cilium/cilium-cli/releases/download/v0.19.5/cilium-linux-amd64.tar.gz"
url_api = "https://api.github.com/repos/cilium/cilium-cli/releases/assets/457431368"

[[tools."aqua:siderolabs/talos"]]
version = "1.13.6"
backend = "aqua:siderolabs/talos"

[tools."aqua:siderolabs/talos"."platforms.linux-x64"]
checksum = "sha256:540c5e7cb0d3fa3a9b2e1c717ced212727b73bcaf0cf9cf9ba2472ec381041d4"
url = "https://github.com/siderolabs/talos/releases/download/v1.13.6/talosctl-linux-amd64"
url_api = "https://api.github.com/repos/siderolabs/talos/releases/assets/471115014"
provenance = "cosign"

[[tools.crane]]
version = "0.21.7"
backend = "aqua:google/go-containerregistry"

[tools.crane."platforms.linux-x64"]
checksum = "sha256:1a57bc98207fa1c0d04bf760699099e26f8383499bfd55b99c1b919a928a7230"
url = "https://github.com/google/go-containerregistry/releases/download/v0.21.7/go-containerregistry_Linux_x86_64.tar.gz"
url_api = "https://api.github.com/repos/google/go-containerregistry/releases/assets/450629100"

[[tools.helm]]
version = "3.21.3"
backend = "aqua:helm/helm"

[tools.helm."platforms.linux-x64"]
checksum = "sha256:15e041a93a590dce8100f39385cd98c84a765c9e36aeeb9e2dc6ff9e4769e2e0"
url = "https://get.helm.sh/helm-v3.21.3-linux-amd64.tar.gz"

[[tools.jq]]
version = "1.8.2"
backend = "aqua:jqlang/jq"

[tools.jq."platforms.linux-x64"]
checksum = "sha256:b1c22172dd303f3be49e935aa56aa48a8b7a46e0bc838b4997d3bb451495870f"
url = "https://github.com/jqlang/jq/releases/download/jq-1.8.2/jq-linux-amd64"
url_api = "https://api.github.com/repos/jqlang/jq/releases/assets/453012752"
provenance = "github-attestations"

[[tools.kubectl]]
version = "1.36.2"
backend = "aqua:kubernetes/kubernetes/kubectl"

[tools.kubectl."platforms.linux-x64"]
checksum = "sha256:1e9045ec32bea85da43de85f0065358529ea7c7a152eca78154fba5b58c27d82"
url = "https://dl.k8s.io/v1.36.2/bin/linux/amd64/kubectl"
